
Microsoft Visual Studio Solution File, Format Version 12.00
# Visual Studio 15
VisualStudioVersion = 15.0.28307.1500
MinimumVisualStudioVersion = 10.0.40219.1
Project("{FAE04EC0-301F-11D3-BF4B-00C04F79EFBC}") = "WebApp", "WebApp\WebApp.csproj", "{5342D970-8D2D-4CEA-ADAF-3A381BE00B87}"
EndProject
Global
	GlobalSection(SolutionConfigurationPlatforms) = preSolution
		Debug|Any CPU = Debug|Any CPU
		Release|Any CPU = Release|Any CPU
	EndGlobalSection
	GlobalSection(ProjectConfigurationPlatforms) = postSolution
		{5342D970-8D2D-4CEA-ADAF-3A381BE00B87}.Debug|Any CPU.ActiveCfg = Debug|Any CPU
		{5342D970-8D2D-4CEA-ADAF-3A381BE00B87}.Debug|Any CPU.Build.0 = Debug|Any CPU
		{5342D970-8D2D-4CEA-ADAF-3A381BE00B87}.Release|Any CPU.ActiveCfg = Release|Any CPU
		{5342D970-8D2D-4CEA-ADAF-3A381BE00B87}.Release|Any CPU.Build.0 = Release|Any CPU
	EndGlobalSection
	GlobalSection(SolutionProperties) = preSolution
		HideSolutionNode = FALSE
	EndGlobalSection
	GlobalSection(ExtensibilityGlobals) = postSolution
		SolutionGuid = {17C3882F-A8ED-4901-BBFF-9AD22A095910}
	EndGlobalSection
EndGlobal
